
Microsoft Visual Studio Solution File, Format Version 12.00
# Visual Studio Version 17
VisualStudioVersion = 17.11.35312.102
MinimumVisualStudioVersion = 10.0.40219.1
Project("{FAE04EC0-301F-11D3-BF4B-00C04F79EFBC}") = "Server_Leilao.WinApp", "Server_Leilao.WinApp\Server_Leilao.WinApp.csproj", "{044BF8C9-EB90-414B-8FEE-363186E944B6}"
EndProject
Global
	GlobalSection(SolutionConfigurationPlatforms) = preSolution
		Debug|Any CPU = Debug|Any CPU
		Release|Any CPU = Release|Any CPU
	EndGlobalSection
	GlobalSection(ProjectConfigurationPlatforms) = postSolution
		{044BF8C9-EB90-414B-8FEE-363186E944B6}.Debug|Any CPU.ActiveCfg = Debug|Any CPU
		{044BF8C9-EB90-414B-8FEE-363186E944B6}.Debug|Any CPU.Build.0 = Debug|Any CPU
		{044BF8C9-EB90-414B-8FEE-363186E944B6}.Release|Any CPU.ActiveCfg = Release|Any CPU
		{044BF8C9-EB90-414B-8FEE-363186E944B6}.Release|Any CPU.Build.0 = Release|Any CPU
	EndGlobalSection
	GlobalSection(SolutionProperties) = preSolution
		HideSolutionNode = FALSE
	EndGlobalSection
	GlobalSection(ExtensibilityGlobals) = postSolution
		SolutionGuid = {A348DEB5-43C8-492C-A97F-87E58D7CDEB3}
	EndGlobalSection
EndGlobal
